
Microsoft Visual Studio Solution File, Format Version 12.00
# Visual Studio Version 17
VisualStudioVersion = 17.4.33213.308
MinimumVisualStudioVersion = 10.0.40219.1
Project("{FAE04EC0-301F-11D3-BF4B-00C04F79EFBC}") = "MiniProject", "MiniProject.csproj", "{CF62100C-6230-4DF6-ACE5-5BA98AA3B9CB}"
EndProject
Global
	GlobalSection(SolutionConfigurationPlatforms) = preSolution
		Debug|Any CPU = Debug|Any CPU
		Release|Any CPU = Release|Any CPU
	EndGlobalSection
	GlobalSection(ProjectConfigurationPlatforms) = postSolution
		{CF62100C-6230-4DF6-ACE5-5BA98AA3B9CB}.Debug|Any CPU.ActiveCfg = Debug|Any CPU
		{CF62100C-6230-4DF6-ACE5-5BA98AA3B9CB}.Debug|Any CPU.Build.0 = Debug|Any CPU
		{CF62100C-6230-4DF6-ACE5-5BA98AA3B9CB}.Release|Any CPU.ActiveCfg = Release|Any CPU
		{CF62100C-6230-4DF6-ACE5-5BA98AA3B9CB}.Release|Any CPU.Build.0 = Release|Any CPU
	EndGlobalSection
	GlobalSection(SolutionProperties) = preSolution
		HideSolutionNode = FALSE
	EndGlobalSection
	GlobalSection(ExtensibilityGlobals) = postSolution
		SolutionGuid = {21B4125C-80C7-4589-8E78-64671D08DE77}
	EndGlobalSection
EndGlobal
